
Microsoft Visual Studio Solution File, Format Version 12.00
# Visual Studio Version 17
VisualStudioVersion = 17.5.33414.496
MinimumVisualStudioVersion = 10.0.40219.1
Project("{FAE04EC0-301F-11D3-BF4B-00C04F79EFBC}") = "CalculatorProject", "CalculatorProject.csproj", "{2F227C9F-2053-4B1A-843A-A3DF0E81DBF1}"
EndProject
Global
	GlobalSection(SolutionConfigurationPlatforms) = preSolution
		Debug|Any CPU = Debug|Any CPU
		Release|Any CPU = Release|Any CPU
	EndGlobalSection
	GlobalSection(ProjectConfigurationPlatforms) = postSolution
		{2F227C9F-2053-4B1A-843A-A3DF0E81DBF1}.Debug|Any CPU.ActiveCfg = Debug|Any CPU
		{2F227C9F-2053-4B1A-843A-A3DF0E81DBF1}.Debug|Any CPU.Build.0 = Debug|Any CPU
		{2F227C9F-2053-4B1A-843A-A3DF0E81DBF1}.Release|Any CPU.ActiveCfg = Release|Any CPU
		{2F227C9F-2053-4B1A-843A-A3DF0E81DBF1}.Release|Any CPU.Build.0 = Release|Any CPU
	EndGlobalSection
	GlobalSection(SolutionProperties) = preSolution
		HideSolutionNode = FALSE
	EndGlobalSection
	GlobalSection(ExtensibilityGlobals) = postSolution
		SolutionGuid = {26F34E42-229C-40C0-BD73-B5ECCB281886}
	EndGlobalSection
EndGlobal
